
Microsoft Visual Studio Solution File, Format Version 12.00
# Visual Studio Version 17
VisualStudioVersion = 17.0.31903.59
MinimumVisualStudioVersion = 10.0.40219.1
Project("{FAE04EC0-301F-11D3-BF4B-00C04F79EFBC}") = "TestHarness", "TestHarness\TestHarness.csproj", "{2BF6959F-C365-406C-AE68-7895A5D12B68}"
EndProject
Project("{FAE04EC0-301F-11D3-BF4B-00C04F79EFBC}") = "Plugin", "Plugin\Plugin.csproj", "{4A4011AB-CDDE-4B30-81F2-E128F4C09B35}"
EndProject
Global
	GlobalSection(SolutionConfigurationPlatforms) = preSolution
		Debug|Any CPU = Debug|Any CPU
		Debug|x64 = Debug|x64
		Debug|x86 = Debug|x86
		Release|Any CPU = Release|Any CPU
		Release|x64 = Release|x64
		Release|x86 = Release|x86
	EndGlobalSection
	GlobalSection(ProjectConfigurationPlatforms) = postSolution
		{2BF6959F-C365-406C-AE68-7895A5D12B68}.Debug|Any CPU.ActiveCfg = Debug|Any CPU
		{2BF6959F-C365-406C-AE68-7895A5D12B68}.Debug|Any CPU.Build.0 = Debug|Any CPU
		{2BF6959F-C365-406C-AE68-7895A5D12B68}.Debug|x64.ActiveCfg = Debug|Any CPU
		{2BF6959F-C365-406C-AE68-7895A5D12B68}.Debug|x64.Build.0 = Debug|Any CPU
		{2BF6959F-C365-406C-AE68-7895A5D12B68}.Debug|x86.ActiveCfg = Debug|Any CPU
		{2BF6959F-C365-406C-AE68-7895A5D12B68}.Debug|x86.Build.0 = Debug|Any CPU
		{2BF6959F-C365-406C-AE68-7895A5D12B68}.Release|Any CPU.ActiveCfg = Release|Any CPU
		{2BF6959F-C365-406C-AE68-7895A5D12B68}.Release|Any CPU.Build.0 = Release|Any CPU
		{2BF6959F-C365-406C-AE68-7895A5D12B68}.Release|x64.ActiveCfg = Release|Any CPU
		{2BF6959F-C365-406C-AE68-7895A5D12B68}.Release|x64.Build.0 = Release|Any CPU
		{2BF6959F-C365-406C-AE68-7895A5D12B68}.Release|x86.ActiveCfg = Release|Any CPU
		{2BF6959F-C365-406C-AE68-7895A5D12B68}.Release|x86.Build.0 = Release|Any CPU
		{4A4011AB-CDDE-4B30-81F2-E128F4C09B35}.Debug|Any CPU.ActiveCfg = Debug|Any CPU
		{4A4011AB-CDDE-4B30-81F2-E128F4C09B35}.Debug|Any CPU.Build.0 = Debug|Any CPU
		{4A4011AB-CDDE-4B30-81F2-E128F4C09B35}.Debug|x64.ActiveCfg = Debug|Any CPU
		{4A4011AB-CDDE-4B30-81F2-E128F4C09B35}.Debug|x64.Build.0 = Debug|Any CPU
		{4A4011AB-CDDE-4B30-81F2-E128F4C09B35}.Debug|x86.ActiveCfg = Debug|Any CPU
		{4A4011AB-CDDE-4B30-81F2-E128F4C09B35}.Debug|x86.Build.0 = Debug|Any CPU
		{4A4011AB-CDDE-4B30-81F2-E128F4C09B35}.Release|Any CPU.ActiveCfg = Release|Any CPU
		{4A4011AB-CDDE-4B30-81F2-E128F4C09B35}.Release|Any CPU.Build.0 = Release|Any CPU
		{4A4011AB-CDDE-4B30-81F2-E128F4C09B35}.Release|x64.ActiveCfg = Release|Any CPU
		{4A4011AB-CDDE-4B30-81F2-E128F4C09B35}.Release|x64.Build.0 = Release|Any CPU
		{4A4011AB-CDDE-4B30-81F2-E128F4C09B35}.Release|x86.ActiveCfg = Release|Any CPU
		{4A4011AB-CDDE-4B30-81F2-E128F4C09B35}.Release|x86.Build.0 = Release|Any CPU
	EndGlobalSection
	GlobalSection(SolutionProperties) = preSolution
		HideSolutionNode = FALSE
	EndGlobalSection
EndGlobal
